
Microsoft Visual Studio Solution File, Format Version 12.00
# Visual Studio Version 16
VisualStudioVersion = 16.0.29806.167
MinimumVisualStudioVersion = 10.0.40219.1
Project("{FAE04EC0-301F-11D3-BF4B-00C04F79EFBC}") = "ChiFouMi", "ChiFouMi.csproj", "{DF2CEFF1-02E2-4496-AF4B-BB9B2BF7D5F9}"
EndProject
Project("{FAE04EC0-301F-11D3-BF4B-00C04F79EFBC}") = "TestsUnitaires", "..\TestsUnitaires\TestsUnitaires.csproj", "{F268CA92-5F7A-43F0-AC24-A1AA30A51A7F}"
EndProject
Global
	GlobalSection(SolutionConfigurationPlatforms) = preSolution
		Debug|Any CPU = Debug|Any CPU
		Release|Any CPU = Release|Any CPU
	EndGlobalSection
	GlobalSection(ProjectConfigurationPlatforms) = postSolution
		{DF2CEFF1-02E2-4496-AF4B-BB9B2BF7D5F9}.Debug|Any CPU.ActiveCfg = Debug|Any CPU
		{DF2CEFF1-02E2-4496-AF4B-BB9B2BF7D5F9}.Debug|Any CPU.Build.0 = Debug|Any CPU
		{DF2CEFF1-02E2-4496-AF4B-BB9B2BF7D5F9}.Release|Any CPU.ActiveCfg = Release|Any CPU
		{DF2CEFF1-02E2-4496-AF4B-BB9B2BF7D5F9}.Release|Any CPU.Build.0 = Release|Any CPU
		{F268CA92-5F7A-43F0-AC24-A1AA30A51A7F}.Debug|Any CPU.ActiveCfg = Debug|Any CPU
		{F268CA92-5F7A-43F0-AC24-A1AA30A51A7F}.Debug|Any CPU.Build.0 = Debug|Any CPU
		{F268CA92-5F7A-43F0-AC24-A1AA30A51A7F}.Release|Any CPU.ActiveCfg = Release|Any CPU
		{F268CA92-5F7A-43F0-AC24-A1AA30A51A7F}.Release|Any CPU.Build.0 = Release|Any CPU
	EndGlobalSection
	GlobalSection(SolutionProperties) = preSolution
		HideSolutionNode = FALSE
	EndGlobalSection
	GlobalSection(ExtensibilityGlobals) = postSolution
		SolutionGuid = {99BC3AF2-BA5B-4FD3-88E2-1C88E1540030}
	EndGlobalSection
EndGlobal
